
Microsoft Visual Studio Solution File, Format Version 12.00
# Visual Studio Version 16
VisualStudioVersion = 16.0.29728.190
MinimumVisualStudioVersion = 10.0.40219.1
Project("{FAE04EC0-301F-11D3-BF4B-00C04F79EFBC}") = "eShopSolution.WebApp", "eShopSolution.WebApp\eShopSolution.WebApp.csproj", "{275DC91A-EE45-4830-A4D0-6AE6345C96F7}"
EndProject
Project("{2150E333-8FDC-42A3-9474-1A3956D46DE8}") = "Solution Items", "Solution Items", "{7D4811D2-EBCF-4FD1-91C2-53737992E69B}"
	ProjectSection(SolutionItems) = preProject
		README.md = README.md
	EndProjectSection
EndProject
Project("{FAE04EC0-301F-11D3-BF4B-00C04F79EFBC}") = "eShopSolution.Data", "eShopSolution.Data\eShopSolution.Data.csproj", "{6A5A0FD3-AAB1-4A14-A5BF-820CEE490BF9}"
EndProject
Project("{FAE04EC0-301F-11D3-BF4B-00C04F79EFBC}") = "eShopSolution.Application", "eShopSolution.Application\eShopSolution.Application.csproj", "{66A97902-FC63-43D8-B52B-291CBE1691FE}"
EndProject
Global
	GlobalSection(SolutionConfigurationPlatforms) = preSolution
		Debug|Any CPU = Debug|Any CPU
		Release|Any CPU = Release|Any CPU
	EndGlobalSection
	GlobalSection(ProjectConfigurationPlatforms) = postSolution
		{275DC91A-EE45-4830-A4D0-6AE6345C96F7}.Debug|Any CPU.ActiveCfg = Debug|Any CPU
		{275DC91A-EE45-4830-A4D0-6AE6345C96F7}.Debug|Any CPU.Build.0 = Debug|Any CPU
		{275DC91A-EE45-4830-A4D0-6AE6345C96F7}.Release|Any CPU.ActiveCfg = Release|Any CPU
		{275DC91A-EE45-4830-A4D0-6AE6345C96F7}.Release|Any CPU.Build.0 = Release|Any CPU
		{6A5A0FD3-AAB1-4A14-A5BF-820CEE490BF9}.Debug|Any CPU.ActiveCfg = Debug|Any CPU
		{6A5A0FD3-AAB1-4A14-A5BF-820CEE490BF9}.Debug|Any CPU.Build.0 = Debug|Any CPU
		{6A5A0FD3-AAB1-4A14-A5BF-820CEE490BF9}.Release|Any CPU.ActiveCfg = Release|Any CPU
		{6A5A0FD3-AAB1-4A14-A5BF-820CEE490BF9}.Release|Any CPU.Build.0 = Release|Any CPU
		{66A97902-FC63-43D8-B52B-291CBE1691FE}.Debug|Any CPU.ActiveCfg = Debug|Any CPU
		{66A97902-FC63-43D8-B52B-291CBE1691FE}.Debug|Any CPU.Build.0 = Debug|Any CPU
		{66A97902-FC63-43D8-B52B-291CBE1691FE}.Release|Any CPU.ActiveCfg = Release|Any CPU
		{66A97902-FC63-43D8-B52B-291CBE1691FE}.Release|Any CPU.Build.0 = Release|Any CPU
	EndGlobalSection
	GlobalSection(SolutionProperties) = preSolution
		HideSolutionNode = FALSE
	EndGlobalSection
	GlobalSection(ExtensibilityGlobals) = postSolution
		SolutionGuid = {95285B77-846E-46A7-88D9-DF8ECBE841FB}
	EndGlobalSection
EndGlobal
